
Microsoft Visual Studio Solution File, Format Version 12.00
# Visual Studio 14
VisualStudioVersion = 14.0.24720.0
MinimumVisualStudioVersion = 10.0.40219.1
Project("{FAE04EC0-301F-11D3-BF4B-00C04F79EFBC}") = "TicTacToe.Src", "TicTacToe.Src\TicTacToe.Src.csproj", "{B012888F-6CF6-41C5-9A4E-44FDCB38C8EE}"
EndProject
Project("{FAE04EC0-301F-11D3-BF4B-00C04F79EFBC}") = "TicTacToe.Tests", "TicTacToe.Tests\TicTacToe.Tests.csproj", "{7D9457A8-19C0-4E9D-B888-D0C3A4A3361A}"
EndProject
Global
	GlobalSection(SolutionConfigurationPlatforms) = preSolution
		Debug|Any CPU = Debug|Any CPU
		Release|Any CPU = Release|Any CPU
	EndGlobalSection
	GlobalSection(ProjectConfigurationPlatforms) = postSolution
		{B012888F-6CF6-41C5-9A4E-44FDCB38C8EE}.Debug|Any CPU.ActiveCfg = Debug|Any CPU
		{B012888F-6CF6-41C5-9A4E-44FDCB38C8EE}.Debug|Any CPU.Build.0 = Debug|Any CPU
		{B012888F-6CF6-41C5-9A4E-44FDCB38C8EE}.Release|Any CPU.ActiveCfg = Release|Any CPU
		{B012888F-6CF6-41C5-9A4E-44FDCB38C8EE}.Release|Any CPU.Build.0 = Release|Any CPU
		{7D9457A8-19C0-4E9D-B888-D0C3A4A3361A}.Debug|Any CPU.ActiveCfg = Debug|Any CPU
		{7D9457A8-19C0-4E9D-B888-D0C3A4A3361A}.Debug|Any CPU.Build.0 = Debug|Any CPU
		{7D9457A8-19C0-4E9D-B888-D0C3A4A3361A}.Release|Any CPU.ActiveCfg = Release|Any CPU
		{7D9457A8-19C0-4E9D-B888-D0C3A4A3361A}.Release|Any CPU.Build.0 = Release|Any CPU
	EndGlobalSection
	GlobalSection(SolutionProperties) = preSolution
		HideSolutionNode = FALSE
	EndGlobalSection
EndGlobal
