
Microsoft Visual Studio Solution File, Format Version 12.00
# Visual Studio 14
VisualStudioVersion = 14.0.24720.0
MinimumVisualStudioVersion = 10.0.40219.1
Project("{FAE04EC0-301F-11D3-BF4B-00C04F79EFBC}") = "GameOfLife.Src", "GameOfLife.Src\GameOfLife.Src.csproj", "{9929AC21-4147-4664-AC4B-A0A66105C1FF}"
EndProject
Project("{FAE04EC0-301F-11D3-BF4B-00C04F79EFBC}") = "GameOfLife.Tests", "GameOfLife.Tests\GameOfLife.Tests.csproj", "{D7B7F8AB-6708-4734-A3CC-E4F0AC99991C}"
EndProject
Global
	GlobalSection(SolutionConfigurationPlatforms) = preSolution
		Debug|Any CPU = Debug|Any CPU
		Release|Any CPU = Release|Any CPU
	EndGlobalSection
	GlobalSection(ProjectConfigurationPlatforms) = postSolution
		{9929AC21-4147-4664-AC4B-A0A66105C1FF}.Debug|Any CPU.ActiveCfg = Debug|Any CPU
		{9929AC21-4147-4664-AC4B-A0A66105C1FF}.Debug|Any CPU.Build.0 = Debug|Any CPU
		{9929AC21-4147-4664-AC4B-A0A66105C1FF}.Release|Any CPU.ActiveCfg = Release|Any CPU
		{9929AC21-4147-4664-AC4B-A0A66105C1FF}.Release|Any CPU.Build.0 = Release|Any CPU
		{D7B7F8AB-6708-4734-A3CC-E4F0AC99991C}.Debug|Any CPU.ActiveCfg = Debug|Any CPU
		{D7B7F8AB-6708-4734-A3CC-E4F0AC99991C}.Debug|Any CPU.Build.0 = Debug|Any CPU
		{D7B7F8AB-6708-4734-A3CC-E4F0AC99991C}.Release|Any CPU.ActiveCfg = Release|Any CPU
		{D7B7F8AB-6708-4734-A3CC-E4F0AC99991C}.Release|Any CPU.Build.0 = Release|Any CPU
	EndGlobalSection
	GlobalSection(SolutionProperties) = preSolution
		HideSolutionNode = FALSE
	EndGlobalSection
EndGlobal
